Microsoft Visual Studio Solution File, Format Version 12.00
# Visual Studio Version 17
VisualStudioVersion = 17.5.2.0
MinimumVisualStudioVersion = 10.0.40219.1
Project("{FAE04EC0-301F-11D3-BF4B-00C04F79EFBC}") = "NgSdms.Generator", "NgSdms.Generator.csproj", "{79507DC5-D48F-9944-0843-67DE183184DC}"
EndProject
Global
	GlobalSection(SolutionConfigurationPlatforms) = preSolution
		Debug|Any CPU = Debug|Any CPU
		Release|Any CPU = Release|Any CPU
	EndGlobalSection
	GlobalSection(ProjectConfigurationPlatforms) = postSolution
		{79507DC5-D48F-9944-0843-67DE183184DC}.Debug|Any CPU.ActiveCfg = Debug|Any CPU
		{79507DC5-D48F-9944-0843-67DE183184DC}.Debug|Any CPU.Build.0 = Debug|Any CPU
		{79507DC5-D48F-9944-0843-67DE183184DC}.Release|Any CPU.ActiveCfg = Release|Any CPU
		{79507DC5-D48F-9944-0843-67DE183184DC}.Release|Any CPU.Build.0 = Release|Any CPU
	EndGlobalSection
	GlobalSection(SolutionProperties) = preSolution
		HideSolutionNode = FALSE
	EndGlobalSection
	GlobalSection(ExtensibilityGlobals) = postSolution
		SolutionGuid = {6153E9EE-AB59-4776-BF59-B4DE84A90145}
	EndGlobalSection
EndGlobal
